
Microsoft Visual Studio Solution File, Format Version 12.00
# Visual Studio 15
VisualStudioVersion = 15.0.27130.2036
MinimumVisualStudioVersion = 10.0.40219.1
Project("{FAE04EC0-301F-11D3-BF4B-00C04F79EFBC}") = "Factorization", "Factorization\Factorization.csproj", "{78710B62-8AC4-4F1B-8A12-8300AF1521F5}"
EndProject
Project("{FAE04EC0-301F-11D3-BF4B-00C04F79EFBC}") = "Factorization.ConsoleApplication", "Factorization.ConsoleApplication\Factorization.ConsoleApplication.csproj", "{166BC734-5E31-47CD-B841-4E8EB24E350E}"
EndProject
Project("{FAE04EC0-301F-11D3-BF4B-00C04F79EFBC}") = "Factorization.Core", "Factorization.Core\Factorization.Core.csproj", "{77C9B47C-1588-4E48-9C77-40C0821456E1}"
EndProject
Project("{FAE04EC0-301F-11D3-BF4B-00C04F79EFBC}") = "Factorization.WPF", "Factorzation.WPF\Factorization.WPF.csproj", "{EF0648F7-D968-4453-B895-F6699C1A0CE0}"
EndProject
Global
	GlobalSection(SolutionConfigurationPlatforms) = preSolution
		Debug|Any CPU = Debug|Any CPU
		Release|Any CPU = Release|Any CPU
	EndGlobalSection
	GlobalSection(ProjectConfigurationPlatforms) = postSolution
		{78710B62-8AC4-4F1B-8A12-8300AF1521F5}.Debug|Any CPU.ActiveCfg = Debug|Any CPU
		{78710B62-8AC4-4F1B-8A12-8300AF1521F5}.Debug|Any CPU.Build.0 = Debug|Any CPU
		{78710B62-8AC4-4F1B-8A12-8300AF1521F5}.Release|Any CPU.ActiveCfg = Release|Any CPU
		{78710B62-8AC4-4F1B-8A12-8300AF1521F5}.Release|Any CPU.Build.0 = Release|Any CPU
		{166BC734-5E31-47CD-B841-4E8EB24E350E}.Debug|Any CPU.ActiveCfg = Debug|Any CPU
		{166BC734-5E31-47CD-B841-4E8EB24E350E}.Debug|Any CPU.Build.0 = Debug|Any CPU
		{166BC734-5E31-47CD-B841-4E8EB24E350E}.Release|Any CPU.ActiveCfg = Release|Any CPU
		{166BC734-5E31-47CD-B841-4E8EB24E350E}.Release|Any CPU.Build.0 = Release|Any CPU
		{77C9B47C-1588-4E48-9C77-40C0821456E1}.Debug|Any CPU.ActiveCfg = Debug|Any CPU
		{77C9B47C-1588-4E48-9C77-40C0821456E1}.Debug|Any CPU.Build.0 = Debug|Any CPU
		{77C9B47C-1588-4E48-9C77-40C0821456E1}.Release|Any CPU.ActiveCfg = Release|Any CPU
		{77C9B47C-1588-4E48-9C77-40C0821456E1}.Release|Any CPU.Build.0 = Release|Any CPU
		{EF0648F7-D968-4453-B895-F6699C1A0CE0}.Debug|Any CPU.ActiveCfg = Debug|Any CPU
		{EF0648F7-D968-4453-B895-F6699C1A0CE0}.Debug|Any CPU.Build.0 = Debug|Any CPU
		{EF0648F7-D968-4453-B895-F6699C1A0CE0}.Release|Any CPU.ActiveCfg = Release|Any CPU
		{EF0648F7-D968-4453-B895-F6699C1A0CE0}.Release|Any CPU.Build.0 = Release|Any CPU
	EndGlobalSection
	GlobalSection(SolutionProperties) = preSolution
		HideSolutionNode = FALSE
	EndGlobalSection
	GlobalSection(ExtensibilityGlobals) = postSolution
		SolutionGuid = {E5AF8A0A-CE57-4DCE-9AF8-49BF5DBE587A}
	EndGlobalSection
EndGlobal
